
Microsoft Visual Studio Solution File, Format Version 12.00
# Visual Studio Version 17
VisualStudioVersion = 17.14.36616.10 d17.14
MinimumVisualStudioVersion = 10.0.40219.1
Project("{2150E333-8FDC-42A3-9474-1A3956D46DE8}") = "Task0", "Task0", "{02EA681E-C7D8-13C7-8484-4AC65E1B71E8}"
EndProject
Project("{FAE04EC0-301F-11D3-BF4B-00C04F79EFBC}") = "Tyuiu.ShakirovSA.Sprint4.Task0.V14", "Tyuiu.ShakirovSA.Sprint4.Task0.V14\Tyuiu.ShakirovSA.Sprint4.Task0.V14.csproj", "{F8BB2020-B460-4C3A-A438-14F493C70CA1}"
EndProject
Project("{FAE04EC0-301F-11D3-BF4B-00C04F79EFBC}") = "Tyuiu.ShakirovSA.Sprint4.Task0.V14.Lib", "Tyuiu.ShakirovSA.Sprint4.Task0.V14.Lib\Tyuiu.ShakirovSA.Sprint4.Task0.V14.Lib.csproj", "{51591FA2-53B0-4CAB-A57A-A77AD0F54F6E}"
EndProject
Project("{FAE04EC0-301F-11D3-BF4B-00C04F79EFBC}") = "Tyuiu.ShakirovSA.Sprint4.Task0.V14.Test", "Tyuiu.ShakirovSA.Sprint4.Task0.V14.Test\Tyuiu.ShakirovSA.Sprint4.Task0.V14.Test.csproj", "{6D82CF3F-79D2-4003-94D8-9E99111212A5}"
EndProject
Project("{2150E333-8FDC-42A3-9474-1A3956D46DE8}") = "Task1", "Task1", "{73DEA6D9-E6BA-47A1-925E-2A03ACC2B343}"
EndProject
Project("{FAE04EC0-301F-11D3-BF4B-00C04F79EFBC}") = "Tyuiu.ShakirovSA.Sprint4.Task1.V30", "Tyuiu.ShakirovSA.Sprint4.Task1.V30\Tyuiu.ShakirovSA.Sprint4.Task1.V30.csproj", "{60326435-90A4-4BF7-8C3B-D72219FB78BA}"
EndProject
Project("{FAE04EC0-301F-11D3-BF4B-00C04F79EFBC}") = "Tyuiu.ShakirovSA.Sprint4.Task1.V30.Lib", "Tyuiu.ShakirovSA.Sprint4.Task1.V30.Lib\Tyuiu.ShakirovSA.Sprint4.Task1.V30.Lib.csproj", "{F348EF64-E90B-426F-9F3C-26D524652420}"
EndProject
Project("{FAE04EC0-301F-11D3-BF4B-00C04F79EFBC}") = "Tyuiu.ShakirovSA.Sprint4.Task1.V30.Test", "Tyuiu.ShakirovSA.Sprint4.Task1.V30.Test\Tyuiu.ShakirovSA.Sprint4.Task1.V30.Test.csproj", "{E8F40C59-4724-4C1E-8E89-8AF550759C1A}"
EndProject
Project("{2150E333-8FDC-42A3-9474-1A3956D46DE8}") = "Task2", "Task2", "{86C10581-BD49-4BC1-9A87-C6C9A85805DF}"
EndProject
Project("{FAE04EC0-301F-11D3-BF4B-00C04F79EFBC}") = "Tyuiu.ShakirovSA.Sprint4.Task2.V2", "Tyuiu.ShakirovSA.Sprint4.Task2.V2\Tyuiu.ShakirovSA.Sprint4.Task2.V2.csproj", "{EB9C1319-BDDA-4AE0-8145-16D62F1CCCE8}"
EndProject
Project("{FAE04EC0-301F-11D3-BF4B-00C04F79EFBC}") = "Tyuiu.ShakirovSA.Sprint4.Task2.V2.Lib", "Tyuiu.ShakirovSA.Sprint4.Task2.V2.Lib\Tyuiu.ShakirovSA.Sprint4.Task2.V2.Lib.csproj", "{937D011E-54A3-44D6-87AC-5C96F1F6E33B}"
EndProject
Project("{FAE04EC0-301F-11D3-BF4B-00C04F79EFBC}") = "Tyuiu.ShakirovSA.Sprint4.Task2.V2.Test", "Tyuiu.ShakirovSA.Sprint4.Task2.V2.Test\Tyuiu.ShakirovSA.Sprint4.Task2.V2.Test.csproj", "{AD898836-4447-4B79-ABFE-6F54DF0CC2F1}"
EndProject
Global
	GlobalSection(SolutionConfigurationPlatforms) = preSolution
		Debug|Any CPU = Debug|Any CPU
		Release|Any CPU = Release|Any CPU
	EndGlobalSection
	GlobalSection(ProjectConfigurationPlatforms) = postSolution
		{F8BB2020-B460-4C3A-A438-14F493C70CA1}.Debug|Any CPU.ActiveCfg = Debug|Any CPU
		{F8BB2020-B460-4C3A-A438-14F493C70CA1}.Debug|Any CPU.Build.0 = Debug|Any CPU
		{F8BB2020-B460-4C3A-A438-14F493C70CA1}.Release|Any CPU.ActiveCfg = Release|Any CPU
		{F8BB2020-B460-4C3A-A438-14F493C70CA1}.Release|Any CPU.Build.0 = Release|Any CPU
		{51591FA2-53B0-4CAB-A57A-A77AD0F54F6E}.Debug|Any CPU.ActiveCfg = Debug|Any CPU
		{51591FA2-53B0-4CAB-A57A-A77AD0F54F6E}.Debug|Any CPU.Build.0 = Debug|Any CPU
		{51591FA2-53B0-4CAB-A57A-A77AD0F54F6E}.Release|Any CPU.ActiveCfg = Release|Any CPU
		{51591FA2-53B0-4CAB-A57A-A77AD0F54F6E}.Release|Any CPU.Build.0 = Release|Any CPU
		{6D82CF3F-79D2-4003-94D8-9E99111212A5}.Debug|Any CPU.ActiveCfg = Debug|Any CPU
		{6D82CF3F-79D2-4003-94D8-9E99111212A5}.Debug|Any CPU.Build.0 = Debug|Any CPU
		{6D82CF3F-79D2-4003-94D8-9E99111212A5}.Release|Any CPU.ActiveCfg = Release|Any CPU
		{6D82CF3F-79D2-4003-94D8-9E99111212A5}.Release|Any CPU.Build.0 = Release|Any CPU
		{60326435-90A4-4BF7-8C3B-D72219FB78BA}.Debug|Any CPU.ActiveCfg = Debug|Any CPU
		{60326435-90A4-4BF7-8C3B-D72219FB78BA}.Debug|Any CPU.Build.0 = Debug|Any CPU
		{60326435-90A4-4BF7-8C3B-D72219FB78BA}.Release|Any CPU.ActiveCfg = Release|Any CPU
		{60326435-90A4-4BF7-8C3B-D72219FB78BA}.Release|Any CPU.Build.0 = Release|Any CPU
		{F348EF64-E90B-426F-9F3C-26D524652420}.Debug|Any CPU.ActiveCfg = Debug|Any CPU
		{F348EF64-E90B-426F-9F3C-26D524652420}.Debug|Any CPU.Build.0 = Debug|Any CPU
		{F348EF64-E90B-426F-9F3C-26D524652420}.Release|Any CPU.ActiveCfg = Release|Any CPU
		{F348EF64-E90B-426F-9F3C-26D524652420}.Release|Any CPU.Build.0 = Release|Any CPU
		{E8F40C59-4724-4C1E-8E89-8AF550759C1A}.Debug|Any CPU.ActiveCfg = Debug|Any CPU
		{E8F40C59-4724-4C1E-8E89-8AF550759C1A}.Debug|Any CPU.Build.0 = Debug|Any CPU
		{E8F40C59-4724-4C1E-8E89-8AF550759C1A}.Release|Any CPU.ActiveCfg = Release|Any CPU
		{E8F40C59-4724-4C1E-8E89-8AF550759C1A}.Release|Any CPU.Build.0 = Release|Any CPU
		{EB9C1319-BDDA-4AE0-8145-16D62F1CCCE8}.Debug|Any CPU.ActiveCfg = Debug|Any CPU
		{EB9C1319-BDDA-4AE0-8145-16D62F1CCCE8}.Debug|Any CPU.Build.0 = Debug|Any CPU
		{EB9C1319-BDDA-4AE0-8145-16D62F1CCCE8}.Release|Any CPU.ActiveCfg = Release|Any CPU
		{EB9C1319-BDDA-4AE0-8145-16D62F1CCCE8}.Release|Any CPU.Build.0 = Release|Any CPU
		{937D011E-54A3-44D6-87AC-5C96F1F6E33B}.Debug|Any CPU.ActiveCfg = Debug|Any CPU
		{937D011E-54A3-44D6-87AC-5C96F1F6E33B}.Debug|Any CPU.Build.0 = Debug|Any CPU
		{937D011E-54A3-44D6-87AC-5C96F1F6E33B}.Release|Any CPU.ActiveCfg = Release|Any CPU
		{937D011E-54A3-44D6-87AC-5C96F1F6E33B}.Release|Any CPU.Build.0 = Release|Any CPU
		{AD898836-4447-4B79-ABFE-6F54DF0CC2F1}.Debug|Any CPU.ActiveCfg = Debug|Any CPU
		{AD898836-4447-4B79-ABFE-6F54DF0CC2F1}.Debug|Any CPU.Build.0 = Debug|Any CPU
		{AD898836-4447-4B79-ABFE-6F54DF0CC2F1}.Release|Any CPU.ActiveCfg = Release|Any CPU
		{AD898836-4447-4B79-ABFE-6F54DF0CC2F1}.Release|Any CPU.Build.0 = Release|Any CPU
	EndGlobalSection
	GlobalSection(SolutionProperties) = preSolution
		HideSolutionNode = FALSE
	EndGlobalSection
	GlobalSection(NestedProjects) = preSolution
		{F8BB2020-B460-4C3A-A438-14F493C70CA1} = {02EA681E-C7D8-13C7-8484-4AC65E1B71E8}
		{51591FA2-53B0-4CAB-A57A-A77AD0F54F6E} = {02EA681E-C7D8-13C7-8484-4AC65E1B71E8}
		{6D82CF3F-79D2-4003-94D8-9E99111212A5} = {02EA681E-C7D8-13C7-8484-4AC65E1B71E8}
		{60326435-90A4-4BF7-8C3B-D72219FB78BA} = {73DEA6D9-E6BA-47A1-925E-2A03ACC2B343}
		{F348EF64-E90B-426F-9F3C-26D524652420} = {73DEA6D9-E6BA-47A1-925E-2A03ACC2B343}
		{E8F40C59-4724-4C1E-8E89-8AF550759C1A} = {73DEA6D9-E6BA-47A1-925E-2A03ACC2B343}
		{EB9C1319-BDDA-4AE0-8145-16D62F1CCCE8} = {86C10581-BD49-4BC1-9A87-C6C9A85805DF}
		{937D011E-54A3-44D6-87AC-5C96F1F6E33B} = {86C10581-BD49-4BC1-9A87-C6C9A85805DF}
		{AD898836-4447-4B79-ABFE-6F54DF0CC2F1} = {86C10581-BD49-4BC1-9A87-C6C9A85805DF}
	EndGlobalSection
	GlobalSection(ExtensibilityGlobals) = postSolution
		SolutionGuid = {BE026C93-01B5-4F79-B3AD-CE9F495F0C11}
	EndGlobalSection
EndGlobal
