
Microsoft Visual Studio Solution File, Format Version 12.00
# Visual Studio Version 17
VisualStudioVersion = 17.14.36616.10 d17.14
MinimumVisualStudioVersion = 10.0.40219.1
Project("{2150E333-8FDC-42A3-9474-1A3956D46DE8}") = "Task0", "Task0", "{02EA681E-C7D8-13C7-8484-4AC65E1B71E8}"
EndProject
Project("{FAE04EC0-301F-11D3-BF4B-00C04F79EFBC}") = "Tyuiu.ShakirovSA.Sprint4.Task0.V14", "Tyuiu.ShakirovSA.Sprint4.Task0.V14\Tyuiu.ShakirovSA.Sprint4.Task0.V14.csproj", "{F8BB2020-B460-4C3A-A438-14F493C70CA1}"
EndProject
Project("{FAE04EC0-301F-11D3-BF4B-00C04F79EFBC}") = "Tyuiu.ShakirovSA.Sprint4.Task0.V14.Lib", "Tyuiu.ShakirovSA.Sprint4.Task0.V14.Lib\Tyuiu.ShakirovSA.Sprint4.Task0.V14.Lib.csproj", "{51591FA2-53B0-4CAB-A57A-A77AD0F54F6E}"
EndProject
Project("{FAE04EC0-301F-11D3-BF4B-00C04F79EFBC}") = "Tyuiu.ShakirovSA.Sprint4.Task0.V14.Test", "Tyuiu.ShakirovSA.Sprint4.Task0.V14.Test\Tyuiu.ShakirovSA.Sprint4.Task0.V14.Test.csproj", "{6D82CF3F-79D2-4003-94D8-9E99111212A5}"
EndProject
Global
	GlobalSection(SolutionConfigurationPlatforms) = preSolution
		Debug|Any CPU = Debug|Any CPU
		Release|Any CPU = Release|Any CPU
	EndGlobalSection
	GlobalSection(ProjectConfigurationPlatforms) = postSolution
		{F8BB2020-B460-4C3A-A438-14F493C70CA1}.Debug|Any CPU.ActiveCfg = Debug|Any CPU
		{F8BB2020-B460-4C3A-A438-14F493C70CA1}.Debug|Any CPU.Build.0 = Debug|Any CPU
		{F8BB2020-B460-4C3A-A438-14F493C70CA1}.Release|Any CPU.ActiveCfg = Release|Any CPU
		{F8BB2020-B460-4C3A-A438-14F493C70CA1}.Release|Any CPU.Build.0 = Release|Any CPU
		{51591FA2-53B0-4CAB-A57A-A77AD0F54F6E}.Debug|Any CPU.ActiveCfg = Debug|Any CPU
		{51591FA2-53B0-4CAB-A57A-A77AD0F54F6E}.Debug|Any CPU.Build.0 = Debug|Any CPU
		{51591FA2-53B0-4CAB-A57A-A77AD0F54F6E}.Release|Any CPU.ActiveCfg = Release|Any CPU
		{51591FA2-53B0-4CAB-A57A-A77AD0F54F6E}.Release|Any CPU.Build.0 = Release|Any CPU
		{6D82CF3F-79D2-4003-94D8-9E99111212A5}.Debug|Any CPU.ActiveCfg = Debug|Any CPU
		{6D82CF3F-79D2-4003-94D8-9E99111212A5}.Debug|Any CPU.Build.0 = Debug|Any CPU
		{6D82CF3F-79D2-4003-94D8-9E99111212A5}.Release|Any CPU.ActiveCfg = Release|Any CPU
		{6D82CF3F-79D2-4003-94D8-9E99111212A5}.Release|Any CPU.Build.0 = Release|Any CPU
	EndGlobalSection
	GlobalSection(SolutionProperties) = preSolution
		HideSolutionNode = FALSE
	EndGlobalSection
	GlobalSection(NestedProjects) = preSolution
		{F8BB2020-B460-4C3A-A438-14F493C70CA1} = {02EA681E-C7D8-13C7-8484-4AC65E1B71E8}
		{51591FA2-53B0-4CAB-A57A-A77AD0F54F6E} = {02EA681E-C7D8-13C7-8484-4AC65E1B71E8}
		{6D82CF3F-79D2-4003-94D8-9E99111212A5} = {02EA681E-C7D8-13C7-8484-4AC65E1B71E8}
	EndGlobalSection
	GlobalSection(ExtensibilityGlobals) = postSolution
		SolutionGuid = {BE026C93-01B5-4F79-B3AD-CE9F495F0C11}
	EndGlobalSection
EndGlobal
