
Microsoft Visual Studio Solution File, Format Version 12.00
# Visual Studio Version 17
VisualStudioVersion = 17.14.36616.10
MinimumVisualStudioVersion = 10.0.40219.1
Project("{2150E333-8FDC-42A3-9474-1A3956D46DE8}") = "Task0", "Task0", "{02EA681E-C7D8-13C7-8484-4AC65E1B71E8}"
EndProject
Project("{FAE04EC0-301F-11D3-BF4B-00C04F79EFBC}") = "Tyuiu.ShakirovSA.Sprint4.Task0.V14", "Tyuiu.ShakirovSA.Sprint4.Task0.V14\Tyuiu.ShakirovSA.Sprint4.Task0.V14.csproj", "{F8BB2020-B460-4C3A-A438-14F493C70CA1}"
EndProject
Project("{FAE04EC0-301F-11D3-BF4B-00C04F79EFBC}") = "Tyuiu.ShakirovSA.Sprint4.Task0.V14.Lib", "Tyuiu.ShakirovSA.Sprint4.Task0.V14.Lib\Tyuiu.ShakirovSA.Sprint4.Task0.V14.Lib.csproj", "{51591FA2-53B0-4CAB-A57A-A77AD0F54F6E}"
EndProject
Project("{FAE04EC0-301F-11D3-BF4B-00C04F79EFBC}") = "Tyuiu.ShakirovSA.Sprint4.Task0.V14.Test", "Tyuiu.ShakirovSA.Sprint4.Task0.V14.Test\Tyuiu.ShakirovSA.Sprint4.Task0.V14.Test.csproj", "{6D82CF3F-79D2-4003-94D8-9E99111212A5}"
EndProject
Project("{2150E333-8FDC-42A3-9474-1A3956D46DE8}") = "Task1", "Task1", "{73DEA6D9-E6BA-47A1-925E-2A03ACC2B343}"
EndProject
Project("{FAE04EC0-301F-11D3-BF4B-00C04F79EFBC}") = "Tyuiu.ShakirovSA.Sprint4.Task1.V30", "Tyuiu.ShakirovSA.Sprint4.Task1.V30\Tyuiu.ShakirovSA.Sprint4.Task1.V30.csproj", "{60326435-90A4-4BF7-8C3B-D72219FB78BA}"
EndProject
Project("{FAE04EC0-301F-11D3-BF4B-00C04F79EFBC}") = "Tyuiu.ShakirovSA.Sprint4.Task1.V30.Lib", "Tyuiu.ShakirovSA.Sprint4.Task1.V30.Lib\Tyuiu.ShakirovSA.Sprint4.Task1.V30.Lib.csproj", "{F348EF64-E90B-426F-9F3C-26D524652420}"
EndProject
Project("{FAE04EC0-301F-11D3-BF4B-00C04F79EFBC}") = "Tyuiu.ShakirovSA.Sprint4.Task1.V30.Test", "Tyuiu.ShakirovSA.Sprint4.Task1.V30.Test\Tyuiu.ShakirovSA.Sprint4.Task1.V30.Test.csproj", "{E8F40C59-4724-4C1E-8E89-8AF550759C1A}"
EndProject
Project("{2150E333-8FDC-42A3-9474-1A3956D46DE8}") = "Task2", "Task2", "{86C10581-BD49-4BC1-9A87-C6C9A85805DF}"
EndProject
Project("{FAE04EC0-301F-11D3-BF4B-00C04F79EFBC}") = "Tyuiu.ShakirovSA.Sprint4.Task2.V2", "Tyuiu.ShakirovSA.Sprint4.Task2.V2\Tyuiu.ShakirovSA.Sprint4.Task2.V2.csproj", "{EB9C1319-BDDA-4AE0-8145-16D62F1CCCE8}"
EndProject
Project("{FAE04EC0-301F-11D3-BF4B-00C04F79EFBC}") = "Tyuiu.ShakirovSA.Sprint4.Task2.V2.Lib", "Tyuiu.ShakirovSA.Sprint4.Task2.V2.Lib\Tyuiu.ShakirovSA.Sprint4.Task2.V2.Lib.csproj", "{937D011E-54A3-44D6-87AC-5C96F1F6E33B}"
EndProject
Project("{FAE04EC0-301F-11D3-BF4B-00C04F79EFBC}") = "Tyuiu.ShakirovSA.Sprint4.Task2.V2.Test", "Tyuiu.ShakirovSA.Sprint4.Task2.V2.Test\Tyuiu.ShakirovSA.Sprint4.Task2.V2.Test.csproj", "{AD898836-4447-4B79-ABFE-6F54DF0CC2F1}"
EndProject
Project("{2150E333-8FDC-42A3-9474-1A3956D46DE8}") = "Task3", "Task3", "{CEF5A441-5CC7-4CBB-B016-053BF0890C2F}"
EndProject
Project("{FAE04EC0-301F-11D3-BF4B-00C04F79EFBC}") = "Tyuiu.ShakirovSA.Sprint4.Task3.V20", "Tyuiu.ShakirovSA.Sprint4.Task3.V20\Tyuiu.ShakirovSA.Sprint4.Task3.V20.csproj", "{57B264A4-9098-4401-8799-60C038C3304E}"
EndProject
Project("{FAE04EC0-301F-11D3-BF4B-00C04F79EFBC}") = "Tyuiu.ShakirovSA.Sprint4.Task3.V20.Lib", "Tyuiu.ShakirovSA.Sprint4.Task3.V20.Lib\Tyuiu.ShakirovSA.Sprint4.Task3.V20.Lib.csproj", "{921B68D0-B891-4116-93D4-1D6D0B53E454}"
EndProject
Project("{FAE04EC0-301F-11D3-BF4B-00C04F79EFBC}") = "Tyuiu.ShakirovSA.Sprint4.Task3.V20.Test", "Tyuiu.ShakirovSA.Sprint4.Task3.V20.Test\Tyuiu.ShakirovSA.Sprint4.Task3.V20.Test.csproj", "{ADFAB03B-37FB-4353-BC0B-89C14119A166}"
EndProject
Project("{2150E333-8FDC-42A3-9474-1A3956D46DE8}") = "Task4", "Task4", "{FF7A4360-2103-487F-9EE5-64DABABD6CCA}"
EndProject
Project("{FAE04EC0-301F-11D3-BF4B-00C04F79EFBC}") = "Tyuiu.ShakirovSA.Sprint4.Task4.V4", "Tyuiu.ShakirovSA.Sprint4.Task4.V4\Tyuiu.ShakirovSA.Sprint4.Task4.V4.csproj", "{E734C4CB-4B5D-4E7E-A9A3-507B88410339}"
EndProject
Project("{FAE04EC0-301F-11D3-BF4B-00C04F79EFBC}") = "Tyuiu.ShakirovSA.Sprint4.Task4.V4.Lib", "Tyuiu.ShakirovSA.Sprint4.Task4.V4.Lib\Tyuiu.ShakirovSA.Sprint4.Task4.V4.Lib.csproj", "{0BB9C4C4-52D8-4229-A99F-971B60272BE4}"
EndProject
Project("{FAE04EC0-301F-11D3-BF4B-00C04F79EFBC}") = "Tyuiu.ShakirovSA.Sprint4.Task4.V4.Test", "Tyuiu.ShakirovSA.Sprint4.Task4.V4.Test\Tyuiu.ShakirovSA.Sprint4.Task4.V4.Test.csproj", "{B74D95E3-2E92-497D-AE0E-CC1042D8E49B}"
EndProject
Project("{2150E333-8FDC-42A3-9474-1A3956D46DE8}") = "Task5", "Task5", "{5D54CF4D-9CE2-4E38-BE85-4E6ED8622BFE}"
EndProject
Project("{FAE04EC0-301F-11D3-BF4B-00C04F79EFBC}") = "Tyuiu.ShakirovSA.Sprint4.Task5.V1", "Tyuiu.ShakirovSA.Sprint4.Task5.V1\Tyuiu.ShakirovSA.Sprint4.Task5.V1.csproj", "{693424E2-AD4C-4D7F-BBE3-1844BD05684F}"
EndProject
Project("{FAE04EC0-301F-11D3-BF4B-00C04F79EFBC}") = "Tyuiu.ShakirovSA.Sprint4.Task5.V1.Lib", "Tyuiu.ShakirovSA.Sprint4.Task5.V1.Lib\Tyuiu.ShakirovSA.Sprint4.Task5.V1.Lib.csproj", "{ACD94BC9-9714-45A2-BD67-7EA6F6018D04}"
EndProject
Project("{FAE04EC0-301F-11D3-BF4B-00C04F79EFBC}") = "Tyuiu.ShakirovSA.Sprint4.Task5.V1.Test", "Tyuiu.ShakirovSA.Sprint4.Task5.V1.Test\Tyuiu.ShakirovSA.Sprint4.Task5.V1.Test.csproj", "{17F0277C-1631-4A7C-94D6-DE7EA7845697}"
EndProject
Project("{2150E333-8FDC-42A3-9474-1A3956D46DE8}") = "Task6", "Task6", "{E9B3F7B4-3C40-4236-826E-1AD91F547611}"
EndProject
Project("{FAE04EC0-301F-11D3-BF4B-00C04F79EFBC}") = "Tyuiu.ShakirovSA.Sprint4.Task6.V30", "Tyuiu.ShakirovSA.Sprint4.Task6.V30\Tyuiu.ShakirovSA.Sprint4.Task6.V30.csproj", "{AA4DBF6A-7752-447E-AB6D-911797321C96}"
EndProject
Project("{FAE04EC0-301F-11D3-BF4B-00C04F79EFBC}") = "Tyuiu.ShakirovSA.Sprint4.Task6.V30.Lib", "Tyuiu.ShakirovSA.Sprint4.Task6.V30.Lib\Tyuiu.ShakirovSA.Sprint4.Task6.V30.Lib.csproj", "{4E3A6BCB-2643-4F7C-87A7-F031996FE9E6}"
EndProject
Project("{FAE04EC0-301F-11D3-BF4B-00C04F79EFBC}") = "Tyuiu.ShakirovSA.Sprint4.Task6.V30.Test", "Tyuiu.ShakirovSA.Sprint4.Task6.V30.Test\Tyuiu.ShakirovSA.Sprint4.Task6.V30.Test.csproj", "{4F8BC957-BFCA-4CC1-9D43-310B4687DCB8}"
EndProject
Project("{2150E333-8FDC-42A3-9474-1A3956D46DE8}") = "Task7", "Task7", "{3BB94E98-3A0F-40AB-AC4E-9C09D491AC1A}"
EndProject
Project("{FAE04EC0-301F-11D3-BF4B-00C04F79EFBC}") = "Tyuiu.ShakirovSA.Sprint4.Task7.V7", "Tyuiu.ShakirovSA.Sprint4.Task7.V7\Tyuiu.ShakirovSA.Sprint4.Task7.V7.csproj", "{E8C82364-3A78-4235-9148-31DDB8152722}"
EndProject
Project("{FAE04EC0-301F-11D3-BF4B-00C04F79EFBC}") = "Tyuiu.ShakirovSA.Sprint4.Task7.V7.Test", "Tyuiu.ShakirovSA.Sprint4.Task7.V7.Test\Tyuiu.ShakirovSA.Sprint4.Task7.V7.Test.csproj", "{60A75EDE-E8ED-46D9-959E-C0055DA02160}"
EndProject
Project("{FAE04EC0-301F-11D3-BF4B-00C04F79EFBC}") = "Tyuiu.ShakirovSA.Sprint4.Task7.V7.Lib", "Tyuiu.ShakirovSA.Sprint4.Task7.V7.Lib\Tyuiu.ShakirovSA.Sprint4.Task7.V7.Lib.csproj", "{FA91F02C-B5F5-4F0F-B169-BEF36AF5CEB0}"
EndProject
Global
	GlobalSection(SolutionConfigurationPlatforms) = preSolution
		Debug|Any CPU = Debug|Any CPU
		Release|Any CPU = Release|Any CPU
	EndGlobalSection
	GlobalSection(ProjectConfigurationPlatforms) = postSolution
		{F8BB2020-B460-4C3A-A438-14F493C70CA1}.Debug|Any CPU.ActiveCfg = Debug|Any CPU
		{F8BB2020-B460-4C3A-A438-14F493C70CA1}.Debug|Any CPU.Build.0 = Debug|Any CPU
		{F8BB2020-B460-4C3A-A438-14F493C70CA1}.Release|Any CPU.ActiveCfg = Release|Any CPU
		{F8BB2020-B460-4C3A-A438-14F493C70CA1}.Release|Any CPU.Build.0 = Release|Any CPU
		{51591FA2-53B0-4CAB-A57A-A77AD0F54F6E}.Debug|Any CPU.ActiveCfg = Debug|Any CPU
		{51591FA2-53B0-4CAB-A57A-A77AD0F54F6E}.Debug|Any CPU.Build.0 = Debug|Any CPU
		{51591FA2-53B0-4CAB-A57A-A77AD0F54F6E}.Release|Any CPU.ActiveCfg = Release|Any CPU
		{51591FA2-53B0-4CAB-A57A-A77AD0F54F6E}.Release|Any CPU.Build.0 = Release|Any CPU
		{6D82CF3F-79D2-4003-94D8-9E99111212A5}.Debug|Any CPU.ActiveCfg = Debug|Any CPU
		{6D82CF3F-79D2-4003-94D8-9E99111212A5}.Debug|Any CPU.Build.0 = Debug|Any CPU
		{6D82CF3F-79D2-4003-94D8-9E99111212A5}.Release|Any CPU.ActiveCfg = Release|Any CPU
		{6D82CF3F-79D2-4003-94D8-9E99111212A5}.Release|Any CPU.Build.0 = Release|Any CPU
		{60326435-90A4-4BF7-8C3B-D72219FB78BA}.Debug|Any CPU.ActiveCfg = Debug|Any CPU
		{60326435-90A4-4BF7-8C3B-D72219FB78BA}.Debug|Any CPU.Build.0 = Debug|Any CPU
		{60326435-90A4-4BF7-8C3B-D72219FB78BA}.Release|Any CPU.ActiveCfg = Release|Any CPU
		{60326435-90A4-4BF7-8C3B-D72219FB78BA}.Release|Any CPU.Build.0 = Release|Any CPU
		{F348EF64-E90B-426F-9F3C-26D524652420}.Debug|Any CPU.ActiveCfg = Debug|Any CPU
		{F348EF64-E90B-426F-9F3C-26D524652420}.Debug|Any CPU.Build.0 = Debug|Any CPU
		{F348EF64-E90B-426F-9F3C-26D524652420}.Release|Any CPU.ActiveCfg = Release|Any CPU
		{F348EF64-E90B-426F-9F3C-26D524652420}.Release|Any CPU.Build.0 = Release|Any CPU
		{E8F40C59-4724-4C1E-8E89-8AF550759C1A}.Debug|Any CPU.ActiveCfg = Debug|Any CPU
		{E8F40C59-4724-4C1E-8E89-8AF550759C1A}.Debug|Any CPU.Build.0 = Debug|Any CPU
		{E8F40C59-4724-4C1E-8E89-8AF550759C1A}.Release|Any CPU.ActiveCfg = Release|Any CPU
		{E8F40C59-4724-4C1E-8E89-8AF550759C1A}.Release|Any CPU.Build.0 = Release|Any CPU
		{EB9C1319-BDDA-4AE0-8145-16D62F1CCCE8}.Debug|Any CPU.ActiveCfg = Debug|Any CPU
		{EB9C1319-BDDA-4AE0-8145-16D62F1CCCE8}.Debug|Any CPU.Build.0 = Debug|Any CPU
		{EB9C1319-BDDA-4AE0-8145-16D62F1CCCE8}.Release|Any CPU.ActiveCfg = Release|Any CPU
		{EB9C1319-BDDA-4AE0-8145-16D62F1CCCE8}.Release|Any CPU.Build.0 = Release|Any CPU
		{937D011E-54A3-44D6-87AC-5C96F1F6E33B}.Debug|Any CPU.ActiveCfg = Debug|Any CPU
		{937D011E-54A3-44D6-87AC-5C96F1F6E33B}.Debug|Any CPU.Build.0 = Debug|Any CPU
		{937D011E-54A3-44D6-87AC-5C96F1F6E33B}.Release|Any CPU.ActiveCfg = Release|Any CPU
		{937D011E-54A3-44D6-87AC-5C96F1F6E33B}.Release|Any CPU.Build.0 = Release|Any CPU
		{AD898836-4447-4B79-ABFE-6F54DF0CC2F1}.Debug|Any CPU.ActiveCfg = Debug|Any CPU
		{AD898836-4447-4B79-ABFE-6F54DF0CC2F1}.Debug|Any CPU.Build.0 = Debug|Any CPU
		{AD898836-4447-4B79-ABFE-6F54DF0CC2F1}.Release|Any CPU.ActiveCfg = Release|Any CPU
		{AD898836-4447-4B79-ABFE-6F54DF0CC2F1}.Release|Any CPU.Build.0 = Release|Any CPU
		{57B264A4-9098-4401-8799-60C038C3304E}.Debug|Any CPU.ActiveCfg = Debug|Any CPU
		{57B264A4-9098-4401-8799-60C038C3304E}.Debug|Any CPU.Build.0 = Debug|Any CPU
		{57B264A4-9098-4401-8799-60C038C3304E}.Release|Any CPU.ActiveCfg = Release|Any CPU
		{57B264A4-9098-4401-8799-60C038C3304E}.Release|Any CPU.Build.0 = Release|Any CPU
		{921B68D0-B891-4116-93D4-1D6D0B53E454}.Debug|Any CPU.ActiveCfg = Debug|Any CPU
		{921B68D0-B891-4116-93D4-1D6D0B53E454}.Debug|Any CPU.Build.0 = Debug|Any CPU
		{921B68D0-B891-4116-93D4-1D6D0B53E454}.Release|Any CPU.ActiveCfg = Release|Any CPU
		{921B68D0-B891-4116-93D4-1D6D0B53E454}.Release|Any CPU.Build.0 = Release|Any CPU
		{ADFAB03B-37FB-4353-BC0B-89C14119A166}.Debug|Any CPU.ActiveCfg = Debug|Any CPU
		{ADFAB03B-37FB-4353-BC0B-89C14119A166}.Debug|Any CPU.Build.0 = Debug|Any CPU
		{ADFAB03B-37FB-4353-BC0B-89C14119A166}.Release|Any CPU.ActiveCfg = Release|Any CPU
		{ADFAB03B-37FB-4353-BC0B-89C14119A166}.Release|Any CPU.Build.0 = Release|Any CPU
		{E734C4CB-4B5D-4E7E-A9A3-507B88410339}.Debug|Any CPU.ActiveCfg = Debug|Any CPU
		{E734C4CB-4B5D-4E7E-A9A3-507B88410339}.Debug|Any CPU.Build.0 = Debug|Any CPU
		{E734C4CB-4B5D-4E7E-A9A3-507B88410339}.Release|Any CPU.ActiveCfg = Release|Any CPU
		{E734C4CB-4B5D-4E7E-A9A3-507B88410339}.Release|Any CPU.Build.0 = Release|Any CPU
		{0BB9C4C4-52D8-4229-A99F-971B60272BE4}.Debug|Any CPU.ActiveCfg = Debug|Any CPU
		{0BB9C4C4-52D8-4229-A99F-971B60272BE4}.Debug|Any CPU.Build.0 = Debug|Any CPU
		{0BB9C4C4-52D8-4229-A99F-971B60272BE4}.Release|Any CPU.ActiveCfg = Release|Any CPU
		{0BB9C4C4-52D8-4229-A99F-971B60272BE4}.Release|Any CPU.Build.0 = Release|Any CPU
		{B74D95E3-2E92-497D-AE0E-CC1042D8E49B}.Debug|Any CPU.ActiveCfg = Debug|Any CPU
		{B74D95E3-2E92-497D-AE0E-CC1042D8E49B}.Debug|Any CPU.Build.0 = Debug|Any CPU
		{B74D95E3-2E92-497D-AE0E-CC1042D8E49B}.Release|Any CPU.ActiveCfg = Release|Any CPU
		{B74D95E3-2E92-497D-AE0E-CC1042D8E49B}.Release|Any CPU.Build.0 = Release|Any CPU
		{693424E2-AD4C-4D7F-BBE3-1844BD05684F}.Debug|Any CPU.ActiveCfg = Debug|Any CPU
		{693424E2-AD4C-4D7F-BBE3-1844BD05684F}.Debug|Any CPU.Build.0 = Debug|Any CPU
		{693424E2-AD4C-4D7F-BBE3-1844BD05684F}.Release|Any CPU.ActiveCfg = Release|Any CPU
		{693424E2-AD4C-4D7F-BBE3-1844BD05684F}.Release|Any CPU.Build.0 = Release|Any CPU
		{ACD94BC9-9714-45A2-BD67-7EA6F6018D04}.Debug|Any CPU.ActiveCfg = Debug|Any CPU
		{ACD94BC9-9714-45A2-BD67-7EA6F6018D04}.Debug|Any CPU.Build.0 = Debug|Any CPU
		{ACD94BC9-9714-45A2-BD67-7EA6F6018D04}.Release|Any CPU.ActiveCfg = Release|Any CPU
		{ACD94BC9-9714-45A2-BD67-7EA6F6018D04}.Release|Any CPU.Build.0 = Release|Any CPU
		{17F0277C-1631-4A7C-94D6-DE7EA7845697}.Debug|Any CPU.ActiveCfg = Debug|Any CPU
		{17F0277C-1631-4A7C-94D6-DE7EA7845697}.Debug|Any CPU.Build.0 = Debug|Any CPU
		{17F0277C-1631-4A7C-94D6-DE7EA7845697}.Release|Any CPU.ActiveCfg = Release|Any CPU
		{17F0277C-1631-4A7C-94D6-DE7EA7845697}.Release|Any CPU.Build.0 = Release|Any CPU
		{AA4DBF6A-7752-447E-AB6D-911797321C96}.Debug|Any CPU.ActiveCfg = Debug|Any CPU
		{AA4DBF6A-7752-447E-AB6D-911797321C96}.Debug|Any CPU.Build.0 = Debug|Any CPU
		{AA4DBF6A-7752-447E-AB6D-911797321C96}.Release|Any CPU.ActiveCfg = Release|Any CPU
		{AA4DBF6A-7752-447E-AB6D-911797321C96}.Release|Any CPU.Build.0 = Release|Any CPU
		{4E3A6BCB-2643-4F7C-87A7-F031996FE9E6}.Debug|Any CPU.ActiveCfg = Debug|Any CPU
		{4E3A6BCB-2643-4F7C-87A7-F031996FE9E6}.Debug|Any CPU.Build.0 = Debug|Any CPU
		{4E3A6BCB-2643-4F7C-87A7-F031996FE9E6}.Release|Any CPU.ActiveCfg = Release|Any CPU
		{4E3A6BCB-2643-4F7C-87A7-F031996FE9E6}.Release|Any CPU.Build.0 = Release|Any CPU
		{4F8BC957-BFCA-4CC1-9D43-310B4687DCB8}.Debug|Any CPU.ActiveCfg = Debug|Any CPU
		{4F8BC957-BFCA-4CC1-9D43-310B4687DCB8}.Debug|Any CPU.Build.0 = Debug|Any CPU
		{4F8BC957-BFCA-4CC1-9D43-310B4687DCB8}.Release|Any CPU.ActiveCfg = Release|Any CPU
		{4F8BC957-BFCA-4CC1-9D43-310B4687DCB8}.Release|Any CPU.Build.0 = Release|Any CPU
		{E8C82364-3A78-4235-9148-31DDB8152722}.Debug|Any CPU.ActiveCfg = Debug|Any CPU
		{E8C82364-3A78-4235-9148-31DDB8152722}.Debug|Any CPU.Build.0 = Debug|Any CPU
		{E8C82364-3A78-4235-9148-31DDB8152722}.Release|Any CPU.ActiveCfg = Release|Any CPU
		{E8C82364-3A78-4235-9148-31DDB8152722}.Release|Any CPU.Build.0 = Release|Any CPU
		{60A75EDE-E8ED-46D9-959E-C0055DA02160}.Debug|Any CPU.ActiveCfg = Debug|Any CPU
		{60A75EDE-E8ED-46D9-959E-C0055DA02160}.Debug|Any CPU.Build.0 = Debug|Any CPU
		{60A75EDE-E8ED-46D9-959E-C0055DA02160}.Release|Any CPU.ActiveCfg = Release|Any CPU
		{60A75EDE-E8ED-46D9-959E-C0055DA02160}.Release|Any CPU.Build.0 = Release|Any CPU
		{FA91F02C-B5F5-4F0F-B169-BEF36AF5CEB0}.Debug|Any CPU.ActiveCfg = Debug|Any CPU
		{FA91F02C-B5F5-4F0F-B169-BEF36AF5CEB0}.Debug|Any CPU.Build.0 = Debug|Any CPU
		{FA91F02C-B5F5-4F0F-B169-BEF36AF5CEB0}.Release|Any CPU.ActiveCfg = Release|Any CPU
		{FA91F02C-B5F5-4F0F-B169-BEF36AF5CEB0}.Release|Any CPU.Build.0 = Release|Any CPU
	EndGlobalSection
	GlobalSection(SolutionProperties) = preSolution
		HideSolutionNode = FALSE
	EndGlobalSection
	GlobalSection(NestedProjects) = preSolution
		{F8BB2020-B460-4C3A-A438-14F493C70CA1} = {02EA681E-C7D8-13C7-8484-4AC65E1B71E8}
		{51591FA2-53B0-4CAB-A57A-A77AD0F54F6E} = {02EA681E-C7D8-13C7-8484-4AC65E1B71E8}
		{6D82CF3F-79D2-4003-94D8-9E99111212A5} = {02EA681E-C7D8-13C7-8484-4AC65E1B71E8}
		{60326435-90A4-4BF7-8C3B-D72219FB78BA} = {73DEA6D9-E6BA-47A1-925E-2A03ACC2B343}
		{F348EF64-E90B-426F-9F3C-26D524652420} = {73DEA6D9-E6BA-47A1-925E-2A03ACC2B343}
		{E8F40C59-4724-4C1E-8E89-8AF550759C1A} = {73DEA6D9-E6BA-47A1-925E-2A03ACC2B343}
		{EB9C1319-BDDA-4AE0-8145-16D62F1CCCE8} = {86C10581-BD49-4BC1-9A87-C6C9A85805DF}
		{937D011E-54A3-44D6-87AC-5C96F1F6E33B} = {86C10581-BD49-4BC1-9A87-C6C9A85805DF}
		{AD898836-4447-4B79-ABFE-6F54DF0CC2F1} = {86C10581-BD49-4BC1-9A87-C6C9A85805DF}
		{57B264A4-9098-4401-8799-60C038C3304E} = {CEF5A441-5CC7-4CBB-B016-053BF0890C2F}
		{921B68D0-B891-4116-93D4-1D6D0B53E454} = {CEF5A441-5CC7-4CBB-B016-053BF0890C2F}
		{ADFAB03B-37FB-4353-BC0B-89C14119A166} = {CEF5A441-5CC7-4CBB-B016-053BF0890C2F}
		{E734C4CB-4B5D-4E7E-A9A3-507B88410339} = {FF7A4360-2103-487F-9EE5-64DABABD6CCA}
		{0BB9C4C4-52D8-4229-A99F-971B60272BE4} = {FF7A4360-2103-487F-9EE5-64DABABD6CCA}
		{B74D95E3-2E92-497D-AE0E-CC1042D8E49B} = {FF7A4360-2103-487F-9EE5-64DABABD6CCA}
		{693424E2-AD4C-4D7F-BBE3-1844BD05684F} = {5D54CF4D-9CE2-4E38-BE85-4E6ED8622BFE}
		{ACD94BC9-9714-45A2-BD67-7EA6F6018D04} = {5D54CF4D-9CE2-4E38-BE85-4E6ED8622BFE}
		{17F0277C-1631-4A7C-94D6-DE7EA7845697} = {5D54CF4D-9CE2-4E38-BE85-4E6ED8622BFE}
		{AA4DBF6A-7752-447E-AB6D-911797321C96} = {E9B3F7B4-3C40-4236-826E-1AD91F547611}
		{4E3A6BCB-2643-4F7C-87A7-F031996FE9E6} = {E9B3F7B4-3C40-4236-826E-1AD91F547611}
		{4F8BC957-BFCA-4CC1-9D43-310B4687DCB8} = {E9B3F7B4-3C40-4236-826E-1AD91F547611}
		{E8C82364-3A78-4235-9148-31DDB8152722} = {3BB94E98-3A0F-40AB-AC4E-9C09D491AC1A}
		{60A75EDE-E8ED-46D9-959E-C0055DA02160} = {3BB94E98-3A0F-40AB-AC4E-9C09D491AC1A}
		{FA91F02C-B5F5-4F0F-B169-BEF36AF5CEB0} = {3BB94E98-3A0F-40AB-AC4E-9C09D491AC1A}
	EndGlobalSection
	GlobalSection(ExtensibilityGlobals) = postSolution
		SolutionGuid = {BE026C93-01B5-4F79-B3AD-CE9F495F0C11}
	EndGlobalSection
EndGlobal
